// !$*UTF8*$!
{
	archiveVersion = 1;
	classes = {
	};
	objectVersion = 52;
	objects = {

/* Begin PBXBuildFile section */
		817789F92463116100C01340 /* SearchBarView.swift in Sources */ = {isa = PBXBuildFile; fileRef = 817789F82463116100C01340 /* SearchBarView.swift */; };
		817789FB246319FE00C01340 /* SongView.swift in Sources */ = {isa = PBXBuildFile; fileRef = 817789FA246319FE00C01340 /* SongView.swift */; };
		817789FD24631A7800C01340 /* SongViewModel.swift in Sources */ = {isa = PBXBuildFile; fileRef = 817789FC24631A7800C01340 /* SongViewModel.swift */; };
		817789FF246409A100C01340 /* Icons.swift in Sources */ = {isa = PBXBuildFile; fileRef = 817789FE246409A100C01340 /* Icons.swift */; };
		81778A0124640B6A00C01340 /* Colors.swift in Sources */ = {isa = PBXBuildFile; fileRef = 81778A0024640B6A00C01340 /* Colors.swift */; };
		81778A082464147500C01340 /* LikedSongsView.swift in Sources */ = {isa = PBXBuildFile; fileRef = 81778A072464147500C01340 /* LikedSongsView.swift */; };
		81778A0D2464473900C01340 /* RoundedCorners.swift in Sources */ = {isa = PBXBuildFile; fileRef = 81778A0C2464473900C01340 /* RoundedCorners.swift */; };
		81778A10246456D200C01340 /* Ext-UIScreen.swift in Sources */ = {isa = PBXBuildFile; fileRef = 81778A0F246456D200C01340 /* Ext-UIScreen.swift */; };
		81778A132464C74B00C01340 /* Lottie in Frameworks */ = {isa = PBXBuildFile; productRef = 81778A122464C74B00C01340 /* Lottie */; };
		81778A162464C79500C01340 /* LottieView.swift in Sources */ = {isa = PBXBuildFile; fileRef = 81778A152464C79500C01340 /* LottieView.swift */; };
		81778A182464C98200C01340 /* heartAnimation.json in Resources */ = {isa = PBXBuildFile; fileRef = 81778A172464C98200C01340 /* heartAnimation.json */; };
		81778A1D24654EA900C01340 /* DatabaseManager.swift in Sources */ = {isa = PBXBuildFile; fileRef = 81778A1C24654EA900C01340 /* DatabaseManager.swift */; };
		81778A222466AEC400C01340 /* SingleActionPopup.swift in Sources */ = {isa = PBXBuildFile; fileRef = 81778A212466AEC400C01340 /* SingleActionPopup.swift */; };
		81CA41092462B3F0009BEA6E /* AppDelegate.swift in Sources */ = {isa = PBXBuildFile; fileRef = 81CA41082462B3F0009BEA6E /* AppDelegate.swift */; };
		81CA410B2462B3F0009BEA6E /* SceneDelegate.swift in Sources */ = {isa = PBXBuildFile; fileRef = 81CA410A2462B3F0009BEA6E /* SceneDelegate.swift */; };
		81CA410D2462B3F0009BEA6E /* HomeView.swift in Sources */ = {isa = PBXBuildFile; fileRef = 81CA410C2462B3F0009BEA6E /* HomeView.swift */; };
		81CA410F2462B3F1009BEA6E /* Assets.xcassets in Resources */ = {isa = PBXBuildFile; fileRef = 81CA410E2462B3F1009BEA6E /* Assets.xcassets */; };
		81CA41122462B3F1009BEA6E /* Preview Assets.xcassets in Resources */ = {isa = PBXBuildFile; fileRef = 81CA41112462B3F1009BEA6E /* Preview Assets.xcassets */; };
		81CA41152462B3F1009BEA6E /* LaunchScreen.storyboard in Resources */ = {isa = PBXBuildFile; fileRef = 81CA41132462B3F1009BEA6E /* LaunchScreen.storyboard */; };
		81CA411D2462B550009BEA6E /* Model.swift in Sources */ = {isa = PBXBuildFile; fileRef = 81CA411C2462B550009BEA6E /* Model.swift */; };
		81CA411F2462B650009BEA6E /* HomeViewModel.swift in Sources */ = {isa = PBXBuildFile; fileRef = 81CA411E2462B650009BEA6E /* HomeViewModel.swift */; };
/* End PBXBuildFile section */

/* Begin PBXFileReference section */
		817789F82463116100C01340 /* SearchBarView.swift */ = {isa = PBXFileReference; lastKnownFileType = sourcecode.swift; path = SearchBarView.swift; sourceTree = "<group>"; };
		817789FA246319FE00C01340 /* SongView.swift */ = {isa = PBXFileReference; lastKnownFileType = sourcecode.swift; path = SongView.swift; sourceTree = "<group>"; };
		817789FC24631A7800C01340 /* SongViewModel.swift */ = {isa = PBXFileReference; lastKnownFileType = sourcecode.swift; path = SongViewModel.swift; sourceTree = "<group>"; };
		817789FE246409A100C01340 /* Icons.swift */ = {isa = PBXFileReference; lastKnownFileType = sourcecode.swift; path = Icons.swift; sourceTree = "<group>"; };
		81778A0024640B6A00C01340 /* Colors.swift */ = {isa = PBXFileReference; lastKnownFileType = sourcecode.swift; path = Colors.swift; sourceTree = "<group>"; };
		81778A072464147500C01340 /* LikedSongsView.swift */ = {isa = PBXFileReference; lastKnownFileType = sourcecode.swift; path = LikedSongsView.swift; sourceTree = "<group>"; };
		81778A0C2464473900C01340 /* RoundedCorners.swift */ = {isa = PBXFileReference; lastKnownFileType = sourcecode.swift; path = RoundedCorners.swift; sourceTree = "<group>"; };
		81778A0F246456D200C01340 /* Ext-UIScreen.swift */ = {isa = PBXFileReference; lastKnownFileType = sourcecode.swift; path = "Ext-UIScreen.swift"; sourceTree = "<group>"; };
		81778A152464C79500C01340 /* LottieView.swift */ = {isa = PBXFileReference; lastKnownFileType = sourcecode.swift; path = LottieView.swift; sourceTree = "<group>"; };
		81778A172464C98200C01340 /* heartAnimation.json */ = {isa = PBXFileReference; fileEncoding = 4; lastKnownFileType = text.json; path = heartAnimation.json; sourceTree = "<group>"; };
		81778A1C24654EA900C01340 /* DatabaseManager.swift */ = {isa = PBXFileReference; lastKnownFileType = sourcecode.swift; path = DatabaseManager.swift; sourceTree = "<group>"; };
		81778A212466AEC400C01340 /* SingleActionPopup.swift */ = {isa = PBXFileReference; lastKnownFileType = sourcecode.swift; path = SingleActionPopup.swift; sourceTree = "<group>"; };
		81CA41052462B3F0009BEA6E /* Wędrowiec.app */ = {isa = PBXFileReference; explicitFileType = wrapper.application; includeInIndex = 0; path = "Wędrowiec.app"; sourceTree = BUILT_PRODUCTS_DIR; };
		81CA41082462B3F0009BEA6E /* AppDelegate.swift */ = {isa = PBXFileReference; lastKnownFileType = sourcecode.swift; path = AppDelegate.swift; sourceTree = "<group>"; };
		81CA410A2462B3F0009BEA6E /* SceneDelegate.swift */ = {isa = PBXFileReference; lastKnownFileType = sourcecode.swift; path = SceneDelegate.swift; sourceTree = "<group>"; };
		81CA410C2462B3F0009BEA6E /* HomeView.swift */ = {isa = PBXFileReference; lastKnownFileType = sourcecode.swift; path = HomeView.swift; sourceTree = "<group>"; };
		81CA410E2462B3F1009BEA6E /* Assets.xcassets */ = {isa = PBXFileReference; lastKnownFileType = folder.assetcatalog; path = Assets.xcassets; sourceTree = "<group>"; };
		81CA41112462B3F1009BEA6E /* Preview Assets.xcassets */ = {isa = PBXFileReference; lastKnownFileType = folder.assetcatalog; path = "Preview Assets.xcassets"; sourceTree = "<group>"; };
		81CA41142462B3F1009BEA6E /* Base */ = {isa = PBXFileReference; lastKnownFileType = file.storyboard; name = Base; path = Base.lproj/LaunchScreen.storyboard; sourceTree = "<group>"; };
		81CA41162462B3F1009BEA6E /* Info.plist */ = {isa = PBXFileReference; lastKnownFileType = text.plist.xml; path = Info.plist; sourceTree = "<group>"; };
		81CA411C2462B550009BEA6E /* Model.swift */ = {isa = PBXFileReference; lastKnownFileType = sourcecode.swift; path = Model.swift; sourceTree = "<group>"; };
		81CA411E2462B650009BEA6E /* HomeViewModel.swift */ = {isa = PBXFileReference; lastKnownFileType = sourcecode.swift; path = HomeViewModel.swift; sourceTree = "<group>"; };
/* End PBXFileReference section */

/* Begin PBXFrameworksBuildPhase section */
		81CA41022462B3F0009BEA6E /* Frameworks */ = {
			isa = PBXFrameworksBuildPhase;
			buildActionMask = 2147483647;
			files = (
				81778A132464C74B00C01340 /* Lottie in Frameworks */,
			);
			runOnlyForDeploymentPostprocessing = 0;
		};
/* End PBXFrameworksBuildPhase section */

/* Begin PBXGroup section */
		81778A0224640E2F00C01340 /* HomeView */ = {
			isa = PBXGroup;
			children = (
				817789F82463116100C01340 /* SearchBarView.swift */,
				81CA411E2462B650009BEA6E /* HomeViewModel.swift */,
				81CA410C2462B3F0009BEA6E /* HomeView.swift */,
			);
			path = HomeView;
			sourceTree = "<group>";
		};
		81778A0324640E5100C01340 /* SongView */ = {
			isa = PBXGroup;
			children = (
				817789FC24631A7800C01340 /* SongViewModel.swift */,
				817789FA246319FE00C01340 /* SongView.swift */,
			);
			path = SongView;
			sourceTree = "<group>";
		};
		81778A0424640E6000C01340 /* Enums */ = {
			isa = PBXGroup;
			children = (
				817789FE246409A100C01340 /* Icons.swift */,
			);
			path = Enums;
			sourceTree = "<group>";
		};
		81778A0524640E8000C01340 /* Model */ = {
			isa = PBXGroup;
			children = (
				81CA411C2462B550009BEA6E /* Model.swift */,
			);
			path = Model;
			sourceTree = "<group>";
		};
		81778A062464145300C01340 /* LikedSongs */ = {
			isa = PBXGroup;
			children = (
				81778A072464147500C01340 /* LikedSongsView.swift */,
			);
			path = LikedSongs;
			sourceTree = "<group>";
		};
		81778A0B2464472200C01340 /* LayoutStructs */ = {
			isa = PBXGroup;
			children = (
				81778A0C2464473900C01340 /* RoundedCorners.swift */,
			);
			path = LayoutStructs;
			sourceTree = "<group>";
		};
		81778A0E246456C000C01340 /* Extensions */ = {
			isa = PBXGroup;
			children = (
				81778A0F246456D200C01340 /* Ext-UIScreen.swift */,
				81778A0024640B6A00C01340 /* Colors.swift */,
			);
			path = Extensions;
			sourceTree = "<group>";
		};
		81778A142464C77500C01340 /* Animations */ = {
			isa = PBXGroup;
			children = (
				81778A152464C79500C01340 /* LottieView.swift */,
				81778A172464C98200C01340 /* heartAnimation.json */,
			);
			path = Animations;
			sourceTree = "<group>";
		};
		81778A1B24654E8A00C01340 /* Database */ = {
			isa = PBXGroup;
			children = (
				81778A1C24654EA900C01340 /* DatabaseManager.swift */,
			);
			path = Database;
			sourceTree = "<group>";
		};
		81778A202466AEAE00C01340 /* Popups */ = {
			isa = PBXGroup;
			children = (
				81778A212466AEC400C01340 /* SingleActionPopup.swift */,
			);
			path = Popups;
			sourceTree = "<group>";
		};
		81CA40FC2462B3F0009BEA6E = {
			isa = PBXGroup;
			children = (
				81CA41072462B3F0009BEA6E /* SpiewnikWedrowca */,
				81CA41062462B3F0009BEA6E /* Products */,
			);
			sourceTree = "<group>";
		};
		81CA41062462B3F0009BEA6E /* Products */ = {
			isa = PBXGroup;
			children = (
				81CA41052462B3F0009BEA6E /* Wędrowiec.app */,
			);
			name = Products;
			sourceTree = "<group>";
		};
		81CA41072462B3F0009BEA6E /* SpiewnikWedrowca */ = {
			isa = PBXGroup;
			children = (
				81CA41082462B3F0009BEA6E /* AppDelegate.swift */,
				81CA410A2462B3F0009BEA6E /* SceneDelegate.swift */,
				81778A202466AEAE00C01340 /* Popups */,
				81778A1B24654E8A00C01340 /* Database */,
				81778A142464C77500C01340 /* Animations */,
				81778A0E246456C000C01340 /* Extensions */,
				81778A0B2464472200C01340 /* LayoutStructs */,
				81778A0424640E6000C01340 /* Enums */,
				81778A0524640E8000C01340 /* Model */,
				81778A0224640E2F00C01340 /* HomeView */,
				81778A0324640E5100C01340 /* SongView */,
				81778A062464145300C01340 /* LikedSongs */,
				81CA410E2462B3F1009BEA6E /* Assets.xcassets */,
				81CA41132462B3F1009BEA6E /* LaunchScreen.storyboard */,
				81CA41162462B3F1009BEA6E /* Info.plist */,
				81CA41102462B3F1009BEA6E /* Preview Content */,
			);
			path = SpiewnikWedrowca;
			sourceTree = "<group>";
		};
		81CA41102462B3F1009BEA6E /* Preview Content */ = {
			isa = PBXGroup;
			children = (
				81CA41112462B3F1009BEA6E /* Preview Assets.xcassets */,
			);
			path = "Preview Content";
			sourceTree = "<group>";
		};
/* End PBXGroup section */

/* Begin PBXNativeTarget section */
		81CA41042462B3F0009BEA6E /* SpiewnikWedrowca */ = {
			isa = PBXNativeTarget;
			buildConfigurationList = 81CA41192462B3F1009BEA6E /* Build configuration list for PBXNativeTarget "SpiewnikWedrowca" */;
			buildPhases = (
				81CA41012462B3F0009BEA6E /* Sources */,
				81CA41022462B3F0009BEA6E /* Frameworks */,
				81CA41032462B3F0009BEA6E /* Resources */,
			);
			buildRules = (
			);
			dependencies = (
			);
			name = SpiewnikWedrowca;
			packageProductDependencies = (
				81778A122464C74B00C01340 /* Lottie */,
			);
			productName = SpiewnikWedrowca;
			productReference = 81CA41052462B3F0009BEA6E /* Wędrowiec.app */;
			productType = "com.apple.product-type.application";
		};
/* End PBXNativeTarget section */

/* Begin PBXProject section */
		81CA40FD2462B3F0009BEA6E /* Project object */ = {
			isa = PBXProject;
			attributes = {
				LastSwiftUpdateCheck = 1130;
				LastUpgradeCheck = 1130;
				ORGANIZATIONNAME = "Timothy Stokarski";
				TargetAttributes = {
					81CA41042462B3F0009BEA6E = {
						CreatedOnToolsVersion = 11.3.1;
					};
				};
			};
			buildConfigurationList = 81CA41002462B3F0009BEA6E /* Build configuration list for PBXProject "SpiewnikWedrowca" */;
			compatibilityVersion = "Xcode 9.3";
			developmentRegion = en;
			hasScannedForEncodings = 0;
			knownRegions = (
				en,
				Base,
			);
			mainGroup = 81CA40FC2462B3F0009BEA6E;
			packageReferences = (
				81778A112464C74B00C01340 /* XCRemoteSwiftPackageReference "lottie-ios" */,
			);
			productRefGroup = 81CA41062462B3F0009BEA6E /* Products */;
			projectDirPath = "";
			projectRoot = "";
			targets = (
				81CA41042462B3F0009BEA6E /* SpiewnikWedrowca */,
			);
		};
/* End PBXProject section */

/* Begin PBXResourcesBuildPhase section */
		81CA41032462B3F0009BEA6E /* Resources */ = {
			isa = PBXResourcesBuildPhase;
			buildActionMask = 2147483647;
			files = (
				81CA41152462B3F1009BEA6E /* LaunchScreen.storyboard in Resources */,
				81CA41122462B3F1009BEA6E /* Preview Assets.xcassets in Resources */,
				81CA410F2462B3F1009BEA6E /* Assets.xcassets in Resources */,
				81778A182464C98200C01340 /* heartAnimation.json in Resources */,
			);
			runOnlyForDeploymentPostprocessing = 0;
		};
/* End PBXResourcesBuildPhase section */

/* Begin PBXSourcesBuildPhase section */
		81CA41012462B3F0009BEA6E /* Sources */ = {
			isa = PBXSourcesBuildPhase;
			buildActionMask = 2147483647;
			files = (
				81CA41092462B3F0009BEA6E /* AppDelegate.swift in Sources */,
				81778A222466AEC400C01340 /* SingleActionPopup.swift in Sources */,
				81778A162464C79500C01340 /* LottieView.swift in Sources */,
				81778A0124640B6A00C01340 /* Colors.swift in Sources */,
				817789FD24631A7800C01340 /* SongViewModel.swift in Sources */,
				81778A082464147500C01340 /* LikedSongsView.swift in Sources */,
				81CA410B2462B3F0009BEA6E /* SceneDelegate.swift in Sources */,
				81CA410D2462B3F0009BEA6E /* HomeView.swift in Sources */,
				81778A10246456D200C01340 /* Ext-UIScreen.swift in Sources */,
				817789FB246319FE00C01340 /* SongView.swift in Sources */,
				817789FF246409A100C01340 /* Icons.swift in Sources */,
				81778A0D2464473900C01340 /* RoundedCorners.swift in Sources */,
				81CA411F2462B650009BEA6E /* HomeViewModel.swift in Sources */,
				817789F92463116100C01340 /* SearchBarView.swift in Sources */,
				81778A1D24654EA900C01340 /* DatabaseManager.swift in Sources */,
				81CA411D2462B550009BEA6E /* Model.swift in Sources */,
			);
			runOnlyForDeploymentPostprocessing = 0;
		};
/* End PBXSourcesBuildPhase section */

/* Begin PBXVariantGroup section */
		81CA41132462B3F1009BEA6E /* LaunchScreen.storyboard */ = {
			isa = PBXVariantGroup;
			children = (
				81CA41142462B3F1009BEA6E /* Base */,
			);
			name = LaunchScreen.storyboard;
			sourceTree = "<group>";
		};
/* End PBXVariantGroup section */

/* Begin XCBuildConfiguration section */
		81CA41172462B3F1009BEA6E /* Debug */ = {
			isa = XCBuildConfiguration;
			buildSettings = {
				ALWAYS_SEARCH_USER_PATHS = NO;
				CLANG_ANALYZER_NONNULL = YES;
				CLANG_ANALYZER_NUMBER_OBJECT_CONVERSION = YES_AGGRESSIVE;
				CLANG_CXX_LANGUAGE_STANDARD = "gnu++14";
				CLANG_CXX_LIBRARY = "libc++";
				CLANG_ENABLE_MODULES = YES;
				CLANG_ENABLE_OBJC_ARC = YES;
				CLANG_ENABLE_OBJC_WEAK = YES;
				CLANG_WARN_BLOCK_CAPTURE_AUTORELEASING = YES;
				CLANG_WARN_BOOL_CONVERSION = YES;
				CLANG_WARN_COMMA = YES;
				CLANG_WARN_CONSTANT_CONVERSION = YES;
				CLANG_WARN_DEPRECATED_OBJC_IMPLEMENTATIONS = YES;
				CLANG_WARN_DIRECT_OBJC_ISA_USAGE = YES_ERROR;
				CLANG_WARN_DOCUMENTATION_COMMENTS = YES;
				CLANG_WARN_EMPTY_BODY = YES;
				CLANG_WARN_ENUM_CONVERSION = YES;
				CLANG_WARN_INFINITE_RECURSION = YES;
				CLANG_WARN_INT_CONVERSION = YES;
				CLANG_WARN_NON_LITERAL_NULL_CONVERSION = YES;
				CLANG_WARN_OBJC_IMPLICIT_RETAIN_SELF = YES;
				CLANG_WARN_OBJC_LITERAL_CONVERSION = YES;
				CLANG_WARN_OBJC_ROOT_CLASS = YES_ERROR;
				CLANG_WARN_RANGE_LOOP_ANALYSIS = YES;
				CLANG_WARN_STRICT_PROTOTYPES = YES;
				CLANG_WARN_SUSPICIOUS_MOVE = YES;
				CLANG_WARN_UNGUARDED_AVAILABILITY = YES_AGGRESSIVE;
				CLANG_WARN_UNREACHABLE_CODE = YES;
				CLANG_WARN__DUPLICATE_METHOD_MATCH = YES;
				COPY_PHASE_STRIP = NO;
				DEBUG_INFORMATION_FORMAT = dwarf;
				ENABLE_STRICT_OBJC_MSGSEND = YES;
				ENABLE_TESTABILITY = YES;
				GCC_C_LANGUAGE_STANDARD = gnu11;
				GCC_DYNAMIC_NO_PIC = NO;
				GCC_NO_COMMON_BLOCKS = YES;
				GCC_OPTIMIZATION_LEVEL = 0;
				GCC_PREPROCESSOR_DEFINITIONS = (
					"DEBUG=1",
					"$(inherited)",
				);
				GCC_WARN_64_TO_32_BIT_CONVERSION = YES;
				GCC_WARN_ABOUT_RETURN_TYPE = YES_ERROR;
				GCC_WARN_UNDECLARED_SELECTOR = YES;
				GCC_WARN_UNINITIALIZED_AUTOS = YES_AGGRESSIVE;
				GCC_WARN_UNUSED_FUNCTION = YES;
				GCC_WARN_UNUSED_VARIABLE = YES;
				IPHONEOS_DEPLOYMENT_TARGET = 14.0;
				MTL_ENABLE_DEBUG_INFO = INCLUDE_SOURCE;
				MTL_FAST_MATH = YES;
				ONLY_ACTIVE_ARCH = YES;
				SDKROOT = iphoneos;
				SWIFT_ACTIVE_COMPILATION_CONDITIONS = DEBUG;
				SWIFT_OPTIMIZATION_LEVEL = "-Onone";
			};
			name = Debug;
		};
		81CA41182462B3F1009BEA6E /* Release */ = {
			isa = XCBuildConfiguration;
			buildSettings = {
				ALWAYS_SEARCH_USER_PATHS = NO;
				CLANG_ANALYZER_NONNULL = YES;
				CLANG_ANALYZER_NUMBER_OBJECT_CONVERSION = YES_AGGRESSIVE;
				CLANG_CXX_LANGUAGE_STANDARD = "gnu++14";
				CLANG_CXX_LIBRARY = "libc++";
				CLANG_ENABLE_MODULES = YES;
				CLANG_ENABLE_OBJC_ARC = YES;
				CLANG_ENABLE_OBJC_WEAK = YES;
				CLANG_WARN_BLOCK_CAPTURE_AUTORELEASING = YES;
				CLANG_WARN_BOOL_CONVERSION = YES;
				CLANG_WARN_COMMA = YES;
				CLANG_WARN_CONSTANT_CONVERSION = YES;
				CLANG_WARN_DEPRECATED_OBJC_IMPLEMENTATIONS = YES;
				CLANG_WARN_DIRECT_OBJC_ISA_USAGE = YES_ERROR;
				CLANG_WARN_DOCUMENTATION_COMMENTS = YES;
				CLANG_WARN_EMPTY_BODY = YES;
				CLANG_WARN_ENUM_CONVERSION = YES;
				CLANG_WARN_INFINITE_RECURSION = YES;
				CLANG_WARN_INT_CONVERSION = YES;
				CLANG_WARN_NON_LITERAL_NULL_CONVERSION = YES;
				CLANG_WARN_OBJC_IMPLICIT_RETAIN_SELF = YES;
				CLANG_WARN_OBJC_LITERAL_CONVERSION = YES;
				CLANG_WARN_OBJC_ROOT_CLASS = YES_ERROR;
				CLANG_WARN_RANGE_LOOP_ANALYSIS = YES;
				CLANG_WARN_STRICT_PROTOTYPES = YES;
				CLANG_WARN_SUSPICIOUS_MOVE = YES;
				CLANG_WARN_UNGUARDED_AVAILABILITY = YES_AGGRESSIVE;
				CLANG_WARN_UNREACHABLE_CODE = YES;
				CLANG_WARN__DUPLICATE_METHOD_MATCH = YES;
				COPY_PHASE_STRIP = NO;
				DEBUG_INFORMATION_FORMAT = "dwarf-with-dsym";
				ENABLE_NS_ASSERTIONS = NO;
				ENABLE_STRICT_OBJC_MSGSEND = YES;
				GCC_C_LANGUAGE_STANDARD = gnu11;
				GCC_NO_COMMON_BLOCKS = YES;
				GCC_WARN_64_TO_32_BIT_CONVERSION = YES;
				GCC_WARN_ABOUT_RETURN_TYPE = YES_ERROR;
				GCC_WARN_UNDECLARED_SELECTOR = YES;
				GCC_WARN_UNINITIALIZED_AUTOS = YES_AGGRESSIVE;
				GCC_WARN_UNUSED_FUNCTION = YES;
				GCC_WARN_UNUSED_VARIABLE = YES;
				IPHONEOS_DEPLOYMENT_TARGET = 14.0;
				MTL_ENABLE_DEBUG_INFO = NO;
				MTL_FAST_MATH = YES;
				SDKROOT = iphoneos;
				SWIFT_COMPILATION_MODE = wholemodule;
				SWIFT_OPTIMIZATION_LEVEL = "-O";
				VALIDATE_PRODUCT = YES;
			};
			name = Release;
		};
		81CA411A2462B3F1009BEA6E /* Debug */ = {
			isa = XCBuildConfiguration;
			buildSettings = {
				ASSETCATALOG_COMPILER_APPICON_NAME = AppIcon;
				CODE_SIGN_STYLE = Automatic;
				CURRENT_PROJECT_VERSION = 1;
				DEVELOPMENT_ASSET_PATHS = "\"SpiewnikWedrowca/Preview Content\"";
				DEVELOPMENT_TEAM = KM42VYU5F9;
				ENABLE_PREVIEWS = YES;
				INFOPLIST_FILE = SpiewnikWedrowca/Info.plist;
				LD_RUNPATH_SEARCH_PATHS = (
					"$(inherited)",
					"@executable_path/Frameworks",
				);
				MARKETING_VERSION = 1.1;
				PRODUCT_BUNDLE_IDENTIFIER = timothystokarski.SpiewnikWedrowca;
				PRODUCT_NAME = "Wędrowiec";
				SWIFT_VERSION = 5.0;
				TARGETED_DEVICE_FAMILY = "1,2";
			};
			name = Debug;
		};
		81CA411B2462B3F1009BEA6E /* Release */ = {
			isa = XCBuildConfiguration;
			buildSettings = {
				ASSETCATALOG_COMPILER_APPICON_NAME = AppIcon;
				CODE_SIGN_STYLE = Automatic;
				CURRENT_PROJECT_VERSION = 1;
				DEVELOPMENT_ASSET_PATHS = "\"SpiewnikWedrowca/Preview Content\"";
				DEVELOPMENT_TEAM = KM42VYU5F9;
				ENABLE_PREVIEWS = YES;
				INFOPLIST_FILE = SpiewnikWedrowca/Info.plist;
				LD_RUNPATH_SEARCH_PATHS = (
					"$(inherited)",
					"@executable_path/Frameworks",
				);
				MARKETING_VERSION = 1.1;
				PRODUCT_BUNDLE_IDENTIFIER = timothystokarski.SpiewnikWedrowca;
				PRODUCT_NAME = "Wędrowiec";
				SWIFT_VERSION = 5.0;
				TARGETED_DEVICE_FAMILY = "1,2";
			};
			name = Release;
		};
/* End XCBuildConfiguration section */

/* Begin XCConfigurationList section */
		81CA41002462B3F0009BEA6E /* Build configuration list for PBXProject "SpiewnikWedrowca" */ = {
			isa = XCConfigurationList;
			buildConfigurations = (
				81CA41172462B3F1009BEA6E /* Debug */,
				81CA41182462B3F1009BEA6E /* Release */,
			);
			defaultConfigurationIsVisible = 0;
			defaultConfigurationName = Release;
		};
		81CA41192462B3F1009BEA6E /* Build configuration list for PBXNativeTarget "SpiewnikWedrowca" */ = {
			isa = XCConfigurationList;
			buildConfigurations = (
				81CA411A2462B3F1009BEA6E /* Debug */,
				81CA411B2462B3F1009BEA6E /* Release */,
			);
			defaultConfigurationIsVisible = 0;
			defaultConfigurationName = Release;
		};
/* End XCConfigurationList section */

/* Begin XCRemoteSwiftPackageReference section */
		81778A112464C74B00C01340 /* XCRemoteSwiftPackageReference "lottie-ios" */ = {
			isa = XCRemoteSwiftPackageReference;
			repositoryURL = "https://github.com/airbnb/lottie-ios";
			requirement = {
				kind = upToNextMajorVersion;
				minimumVersion = 3.1.8;
			};
		};
/* End XCRemoteSwiftPackageReference section */

/* Begin XCSwiftPackageProductDependency section */
		81778A122464C74B00C01340 /* Lottie */ = {
			isa = XCSwiftPackageProductDependency;
			package = 81778A112464C74B00C01340 /* XCRemoteSwiftPackageReference "lottie-ios" */;
			productName = Lottie;
		};
/* End XCSwiftPackageProductDependency section */
	};
	rootObject = 81CA40FD2462B3F0009BEA6E /* Project object */;
}
